github.com/abanoubha/gtk v0.1.1 h1:6jjkkulrZdBcxqAHmxkB19KHBhoTUcpeHbhxZWMPs6M=
github.com/abanoubha/gtk v0.1.1/go.mod h1:VM4crLd4NwWniQm3A1hTBip7kBOO1dPsDyvlt2yd0x4=
github.com/abanoubha/gtk v0.1.3 h1:bmUvoEyzhjpR4jWsYrusi3CjgmhHLH3yMF7qZxvVn+E=
github.com/abanoubha/gtk v0.1.3/go.mod h1:VM4crLd4NwWniQm3A1hTBip7kBOO1dPsDyvlt2yd0x4=
